// !$*UTF8*$!
{
	archiveVersion = 1;
	classes = {
	};
	objectVersion = 46;
	objects = {

/* Begin PBXBuildFile section */
		276E0D4118048D1A00C38F33 /* Foundation.framework in Frameworks */ = {isa = PBXBuildFile; fileRef = 276E0D4018048D1A00C38F33 /* Foundation.framework */; };
		276E0D4318048D1A00C38F33 /* CoreGraphics.framework in Frameworks */ = {isa = PBXBuildFile; fileRef = 276E0D4218048D1A00C38F33 /* CoreGraphics.framework */; };
		276E0D4518048D1A00C38F33 /* UIKit.framework in Frameworks */ = {isa = PBXBuildFile; fileRef = 276E0D4418048D1A00C38F33 /* UIKit.framework */; };
		276E0D4B18048D1A00C38F33 /* InfoPlist.strings in Resources */ = {isa = PBXBuildFile; fileRef = 276E0D4918048D1A00C38F33 /* InfoPlist.strings */; };
		276E0D4D18048D1A00C38F33 /* main.m in Sources */ = {isa = PBXBuildFile; fileRef = 276E0D4C18048D1A00C38F33 /* main.m */; };
		276E0D5118048D1A00C38F33 /* AppDelegate.m in Sources */ = {isa = PBXBuildFile; fileRef = 276E0D5018048D1A00C38F33 /* AppDelegate.m */; };
		276E0D5418048D1A00C38F33 /* Main.storyboard in Resources */ = {isa = PBXBuildFile; fileRef = 276E0D5218048D1A00C38F33 /* Main.storyboard */; };
		276E0D5718048D1A00C38F33 /* ViewController.m in Sources */ = {isa = PBXBuildFile; fileRef = 276E0D5618048D1A00C38F33 /* ViewController.m */; };
		276E0D5918048D1A00C38F33 /* Images.xcassets in Resources */ = {isa = PBXBuildFile; fileRef = 276E0D5818048D1A00C38F33 /* Images.xcassets */; };
		276E0D6018048D1A00C38F33 /* XCTest.framework in Frameworks */ = {isa = PBXBuildFile; fileRef = 276E0D5F18048D1A00C38F33 /* XCTest.framework */; };
		276E0D6118048D1A00C38F33 /* Foundation.framework in Frameworks */ = {isa = PBXBuildFile; fileRef = 276E0D4018048D1A00C38F33 /* Foundation.framework */; };
		276E0D6218048D1A00C38F33 /* UIKit.framework in Frameworks */ = {isa = PBXBuildFile; fileRef = 276E0D4418048D1A00C38F33 /* UIKit.framework */; };
		276E0D6A18048D1A00C38F33 /* InfoPlist.strings in Resources */ = {isa = PBXBuildFile; fileRef = 276E0D6818048D1A00C38F33 /* InfoPlist.strings */; };
		276E0D6C18048D1A00C38F33 /* AppleBugTestTests.m in Sources */ = {isa = PBXBuildFile; fileRef = 276E0D6B18048D1A00C38F33 /* AppleBugTestTests.m */; };
/* End PBXBuildFile section */

/* Begin PBXContainerItemProxy section */
		276E0D6318048D1A00C38F33 /* PBXContainerItemProxy */ = {
			isa = PBXContainerItemProxy;
			containerPortal = 276E0D3518048D1A00C38F33 /* Project object */;
			proxyType = 1;
			remoteGlobalIDString = 276E0D3C18048D1A00C38F33;
			remoteInfo = AppleBugTest;
		};
/* End PBXContainerItemProxy section */

/* Begin PBXFileReference section */
		276E0D3D18048D1A00C38F33 /* AppleBugTest.app */ = {isa = PBXFileReference; explicitFileType = wrapper.application; includeInIndex = 0; path = AppleBugTest.app; sourceTree = BUILT_PRODUCTS_DIR; };
		276E0D4018048D1A00C38F33 /* Foundation.framework */ = {isa = PBXFileReference; lastKnownFileType = wrapper.framework; name = Foundation.framework; path = System/Library/Frameworks/Foundation.framework; sourceTree = SDKROOT; };
		276E0D4218048D1A00C38F33 /* CoreGraphics.framework */ = {isa = PBXFileReference; lastKnownFileType = wrapper.framework; name = CoreGraphics.framework; path = System/Library/Frameworks/CoreGraphics.framework; sourceTree = SDKROOT; };
		276E0D4418048D1A00C38F33 /* UIKit.framework */ = {isa = PBXFileReference; lastKnownFileType = wrapper.framework; name = UIKit.framework; path = System/Library/Frameworks/UIKit.framework; sourceTree = SDKROOT; };
		276E0D4818048D1A00C38F33 /* AppleBugTest-Info.plist */ = {isa = PBXFileReference; lastKnownFileType = text.plist.xml; path = "AppleBugTest-Info.plist"; sourceTree = "<group>"; };
		276E0D4A18048D1A00C38F33 /* en */ = {isa = PBXFileReference; lastKnownFileType = text.plist.strings; name = en; path = en.lproj/InfoPlist.strings; sourceTree = "<group>"; };
		276E0D4C18048D1A00C38F33 /* main.m */ = {isa = PBXFileReference; lastKnownFileType = sourcecode.c.objc; path = main.m; sourceTree = "<group>"; };
		276E0D4E18048D1A00C38F33 /* AppleBugTest-Prefix.pch */ = {isa = PBXFileReference; lastKnownFileType = sourcecode.c.h; path = "AppleBugTest-Prefix.pch"; sourceTree = "<group>"; };
		276E0D4F18048D1A00C38F33 /* AppDelegate.h */ = {isa = PBXFileReference; lastKnownFileType = sourcecode.c.h; path = AppDelegate.h; sourceTree = "<group>"; };
		276E0D5018048D1A00C38F33 /* AppDelegate.m */ = {isa = PBXFileReference; lastKnownFileType = sourcecode.c.objc; path = AppDelegate.m; sourceTree = "<group>"; };
		276E0D5318048D1A00C38F33 /* Base */ = {isa = PBXFileReference; lastKnownFileType = file.storyboard; name = Base; path = Base.lproj/Main.storyboard; sourceTree = "<group>"; };
		276E0D5518048D1A00C38F33 /* ViewController.h */ = {isa = PBXFileReference; lastKnownFileType = sourcecode.c.h; path = ViewController.h; sourceTree = "<group>"; };
		276E0D5618048D1A00C38F33 /* ViewController.m */ = {isa = PBXFileReference; lastKnownFileType = sourcecode.c.objc; path = ViewController.m; sourceTree = "<group>"; };
		276E0D5818048D1A00C38F33 /* Images.xcassets */ = {isa = PBXFileReference; lastKnownFileType = folder.assetcatalog; path = Images.xcassets; sourceTree = "<group>"; };
		276E0D5E18048D1A00C38F33 /* AppleBugTestTests.xctest */ = {isa = PBXFileReference; explicitFileType = wrapper.cfbundle; includeInIndex = 0; path = AppleBugTestTests.xctest; sourceTree = BUILT_PRODUCTS_DIR; };
		276E0D5F18048D1A00C38F33 /* XCTest.framework */ = {isa = PBXFileReference; lastKnownFileType = wrapper.framework; name = XCTest.framework; path = Library/Frameworks/XCTest.framework; sourceTree = DEVELOPER_DIR; };
		276E0D6718048D1A00C38F33 /* AppleBugTestTests-Info.plist */ = {isa = PBXFileReference; lastKnownFileType = text.plist.xml; path = "AppleBugTestTests-Info.plist"; sourceTree = "<group>"; };
		276E0D6918048D1A00C38F33 /* en */ = {isa = PBXFileReference; lastKnownFileType = text.plist.strings; name = en; path = en.lproj/InfoPlist.strings; sourceTree = "<group>"; };
		276E0D6B18048D1A00C38F33 /* AppleBugTestTests.m */ = {isa = PBXFileReference; lastKnownFileType = sourcecode.c.objc; path = AppleBugTestTests.m; sourceTree = "<group>"; };
/* End PBXFileReference section */

/* Begin PBXFrameworksBuildPhase section */
		276E0D3A18048D1A00C38F33 /* Frameworks */ = {
			isa = PBXFrameworksBuildPhase;
			buildActionMask = 2147483647;
			files = (
				276E0D4318048D1A00C38F33 /* CoreGraphics.framework in Frameworks */,
				276E0D4518048D1A00C38F33 /* UIKit.framework in Frameworks */,
				276E0D4118048D1A00C38F33 /* Foundation.framework in Frameworks */,
			);
			runOnlyForDeploymentPostprocessing = 0;
		};
		276E0D5B18048D1A00C38F33 /* Frameworks */ = {
			isa = PBXFrameworksBuildPhase;
			buildActionMask = 2147483647;
			files = (
				276E0D6018048D1A00C38F33 /* XCTest.framework in Frameworks */,
				276E0D6218048D1A00C38F33 /* UIKit.framework in Frameworks */,
				276E0D6118048D1A00C38F33 /* Foundation.framework in Frameworks */,
			);
			runOnlyForDeploymentPostprocessing = 0;
		};
/* End PBXFrameworksBuildPhase section */

/* Begin PBXGroup section */
		276E0D3418048D1A00C38F33 = {
			isa = PBXGroup;
			children = (
				276E0D4618048D1A00C38F33 /* AppleBugTest */,
				276E0D6518048D1A00C38F33 /* AppleBugTestTests */,
				276E0D3F18048D1A00C38F33 /* Frameworks */,
				276E0D3E18048D1A00C38F33 /* Products */,
			);
			sourceTree = "<group>";
		};
		276E0D3E18048D1A00C38F33 /* Products */ = {
			isa = PBXGroup;
			children = (
				276E0D3D18048D1A00C38F33 /* AppleBugTest.app */,
				276E0D5E18048D1A00C38F33 /* AppleBugTestTests.xctest */,
			);
			name = Products;
			sourceTree = "<group>";
		};
		276E0D3F18048D1A00C38F33 /* Frameworks */ = {
			isa = PBXGroup;
			children = (
				276E0D4018048D1A00C38F33 /* Foundation.framework */,
				276E0D4218048D1A00C38F33 /* CoreGraphics.framework */,
				276E0D4418048D1A00C38F33 /* UIKit.framework */,
				276E0D5F18048D1A00C38F33 /* XCTest.framework */,
			);
			name = Frameworks;
			sourceTree = "<group>";
		};
		276E0D4618048D1A00C38F33 /* AppleBugTest */ = {
			isa = PBXGroup;
			children = (
				276E0D4F18048D1A00C38F33 /* AppDelegate.h */,
				276E0D5018048D1A00C38F33 /* AppDelegate.m */,
				276E0D5218048D1A00C38F33 /* Main.storyboard */,
				276E0D5518048D1A00C38F33 /* ViewController.h */,
				276E0D5618048D1A00C38F33 /* ViewController.m */,
				276E0D5818048D1A00C38F33 /* Images.xcassets */,
				276E0D4718048D1A00C38F33 /* Supporting Files */,
			);
			path = AppleBugTest;
			sourceTree = "<group>";
		};
		276E0D4718048D1A00C38F33 /* Supporting Files */ = {
			isa = PBXGroup;
			children = (
				276E0D4818048D1A00C38F33 /* AppleBugTest-Info.plist */,
				276E0D4918048D1A00C38F33 /* InfoPlist.strings */,
				276E0D4C18048D1A00C38F33 /* main.m */,
				276E0D4E18048D1A00C38F33 /* AppleBugTest-Prefix.pch */,
			);
			name = "Supporting Files";
			sourceTree = "<group>";
		};
		276E0D6518048D1A00C38F33 /* AppleBugTestTests */ = {
			isa = PBXGroup;
			children = (
				276E0D6B18048D1A00C38F33 /* AppleBugTestTests.m */,
				276E0D6618048D1A00C38F33 /* Supporting Files */,
			);
			path = AppleBugTestTests;
			sourceTree = "<group>";
		};
		276E0D6618048D1A00C38F33 /* Supporting Files */ = {
			isa = PBXGroup;
			children = (
				276E0D6718048D1A00C38F33 /* AppleBugTestTests-Info.plist */,
				276E0D6818048D1A00C38F33 /* InfoPlist.strings */,
			);
			name = "Supporting Files";
			sourceTree = "<group>";
		};
/* End PBXGroup section */

/* Begin PBXNativeTarget section */
		276E0D3C18048D1A00C38F33 /* AppleBugTest */ = {
			isa = PBXNativeTarget;
			buildConfigurationList = 276E0D6F18048D1A00C38F33 /* Build configuration list for PBXNativeTarget "AppleBugTest" */;
			buildPhases = (
				276E0D3918048D1A00C38F33 /* Sources */,
				276E0D3A18048D1A00C38F33 /* Frameworks */,
				276E0D3B18048D1A00C38F33 /* Resources */,
			);
			buildRules = (
			);
			dependencies = (
			);
			name = AppleBugTest;
			productName = AppleBugTest;
			productReference = 276E0D3D18048D1A00C38F33 /* AppleBugTest.app */;
			productType = "com.apple.product-type.application";
		};
		276E0D5D18048D1A00C38F33 /* AppleBugTestTests */ = {
			isa = PBXNativeTarget;
			buildConfigurationList = 276E0D7218048D1A00C38F33 /* Build configuration list for PBXNativeTarget "AppleBugTestTests" */;
			buildPhases = (
				276E0D5A18048D1A00C38F33 /* Sources */,
				276E0D5B18048D1A00C38F33 /* Frameworks */,
				276E0D5C18048D1A00C38F33 /* Resources */,
			);
			buildRules = (
			);
			dependencies = (
				276E0D6418048D1A00C38F33 /* PBXTargetDependency */,
			);
			name = AppleBugTestTests;
			productName = AppleBugTestTests;
			productReference = 276E0D5E18048D1A00C38F33 /* AppleBugTestTests.xctest */;
			productType = "com.apple.product-type.bundle.unit-test";
		};
/* End PBXNativeTarget section */

/* Begin PBXProject section */
		276E0D3518048D1A00C38F33 /* Project object */ = {
			isa = PBXProject;
			attributes = {
				LastUpgradeCheck = 0500;
				ORGANIZATIONNAME = "Holger Bohlmann";
				TargetAttributes = {
					276E0D5D18048D1A00C38F33 = {
						TestTargetID = 276E0D3C18048D1A00C38F33;
					};
				};
			};
			buildConfigurationList = 276E0D3818048D1A00C38F33 /* Build configuration list for PBXProject "AppleBugTest" */;
			compatibilityVersion = "Xcode 3.2";
			developmentRegion = English;
			hasScannedForEncodings = 0;
			knownRegions = (
				en,
				Base,
			);
			mainGroup = 276E0D3418048D1A00C38F33;
			productRefGroup = 276E0D3E18048D1A00C38F33 /* Products */;
			projectDirPath = "";
			projectRoot = "";
			targets = (
				276E0D3C18048D1A00C38F33 /* AppleBugTest */,
				276E0D5D18048D1A00C38F33 /* AppleBugTestTests */,
			);
		};
/* End PBXProject section */

/* Begin PBXResourcesBuildPhase section */
		276E0D3B18048D1A00C38F33 /* Resources */ = {
			isa = PBXResourcesBuildPhase;
			buildActionMask = 2147483647;
			files = (
				276E0D5918048D1A00C38F33 /* Images.xcassets in Resources */,
				276E0D4B18048D1A00C38F33 /* InfoPlist.strings in Resources */,
				276E0D5418048D1A00C38F33 /* Main.storyboard in Resources */,
			);
			runOnlyForDeploymentPostprocessing = 0;
		};
		276E0D5C18048D1A00C38F33 /* Resources */ = {
			isa = PBXResourcesBuildPhase;
			buildActionMask = 2147483647;
			files = (
				276E0D6A18048D1A00C38F33 /* InfoPlist.strings in Resources */,
			);
			runOnlyForDeploymentPostprocessing = 0;
		};
/* End PBXResourcesBuildPhase section */

/* Begin PBXSourcesBuildPhase section */
		276E0D3918048D1A00C38F33 /* Sources */ = {
			isa = PBXSourcesBuildPhase;
			buildActionMask = 2147483647;
			files = (
				276E0D5718048D1A00C38F33 /* ViewController.m in Sources */,
				276E0D5118048D1A00C38F33 /* AppDelegate.m in Sources */,
				276E0D4D18048D1A00C38F33 /* main.m in Sources */,
			);
			runOnlyForDeploymentPostprocessing = 0;
		};
		276E0D5A18048D1A00C38F33 /* Sources */ = {
			isa = PBXSourcesBuildPhase;
			buildActionMask = 2147483647;
			files = (
				276E0D6C18048D1A00C38F33 /* AppleBugTestTests.m in Sources */,
			);
			runOnlyForDeploymentPostprocessing = 0;
		};
/* End PBXSourcesBuildPhase section */

/* Begin PBXTargetDependency section */
		276E0D6418048D1A00C38F33 /* PBXTargetDependency */ = {
			isa = PBXTargetDependency;
			target = 276E0D3C18048D1A00C38F33 /* AppleBugTest */;
			targetProxy = 276E0D6318048D1A00C38F33 /* PBXContainerItemProxy */;
		};
/* End PBXTargetDependency section */

/* Begin PBXVariantGroup section */
		276E0D4918048D1A00C38F33 /* InfoPlist.strings */ = {
			isa = PBXVariantGroup;
			children = (
				276E0D4A18048D1A00C38F33 /* en */,
			);
			name = InfoPlist.strings;
			sourceTree = "<group>";
		};
		276E0D5218048D1A00C38F33 /* Main.storyboard */ = {
			isa = PBXVariantGroup;
			children = (
				276E0D5318048D1A00C38F33 /* Base */,
			);
			name = Main.storyboard;
			sourceTree = "<group>";
		};
		276E0D6818048D1A00C38F33 /* InfoPlist.strings */ = {
			isa = PBXVariantGroup;
			children = (
				276E0D6918048D1A00C38F33 /* en */,
			);
			name = InfoPlist.strings;
			sourceTree = "<group>";
		};
/* End PBXVariantGroup section */

/* Begin XCBuildConfiguration section */
		276E0D6D18048D1A00C38F33 /* Debug */ = {
			isa = XCBuildConfiguration;
			buildSettings = {
				ALWAYS_SEARCH_USER_PATHS = NO;
				ARCHS = "$(ARCHS_STANDARD_INCLUDING_64_BIT)";
				CLANG_CXX_LANGUAGE_STANDARD = "gnu++0x";
				CLANG_CXX_LIBRARY = "libc++";
				CLANG_ENABLE_MODULES = YES;
				CLANG_ENABLE_OBJC_ARC = YES;
				CLANG_WARN_BOOL_CONVERSION = YES;
				CLANG_WARN_CONSTANT_CONVERSION = YES;
				CLANG_WARN_DIRECT_OBJC_ISA_USAGE = YES_ERROR;
				CLANG_WARN_EMPTY_BODY = YES;
				CLANG_WARN_ENUM_CONVERSION = YES;
				CLANG_WARN_INT_CONVERSION = YES;
				CLANG_WARN_OBJC_ROOT_CLASS = YES_ERROR;
				CLANG_WARN__DUPLICATE_METHOD_MATCH = YES;
				"CODE_SIGN_IDENTITY[sdk=iphoneos*]" = "iPhone Developer";
				COPY_PHASE_STRIP = NO;
				GCC_C_LANGUAGE_STANDARD = gnu99;
				GCC_DYNAMIC_NO_PIC = NO;
				GCC_OPTIMIZATION_LEVEL = 0;
				GCC_PREPROCESSOR_DEFINITIONS = (
					"DEBUG=1",
					"$(inherited)",
				);
				GCC_SYMBOLS_PRIVATE_EXTERN = NO;
				GCC_WARN_64_TO_32_BIT_CONVERSION = YES;
				GCC_WARN_ABOUT_RETURN_TYPE = YES_ERROR;
				GCC_WARN_UNDECLARED_SELECTOR = YES;
				GCC_WARN_UNINITIALIZED_AUTOS = YES;
				GCC_WARN_UNUSED_FUNCTION = YES;
				GCC_WARN_UNUSED_VARIABLE = YES;
				IPHONEOS_DEPLOYMENT_TARGET = 7.0;
				ONLY_ACTIVE_ARCH = YES;
				SDKROOT = iphoneos;
			};
			name = Debug;
		};
		276E0D6E18048D1A00C38F33 /* Release */ = {
			isa = XCBuildConfiguration;
			buildSettings = {
				ALWAYS_SEARCH_USER_PATHS = NO;
				ARCHS = "$(ARCHS_STANDARD_INCLUDING_64_BIT)";
				CLANG_CXX_LANGUAGE_STANDARD = "gnu++0x";
				CLANG_CXX_LIBRARY = "libc++";
				CLANG_ENABLE_MODULES = YES;
				CLANG_ENABLE_OBJC_ARC = YES;
				CLANG_WARN_BOOL_CONVERSION = YES;
				CLANG_WARN_CONSTANT_CONVERSION = YES;
				CLANG_WARN_DIRECT_OBJC_ISA_USAGE = YES_ERROR;
				CLANG_WARN_EMPTY_BODY = YES;
				CLANG_WARN_ENUM_CONVERSION = YES;
				CLANG_WARN_INT_CONVERSION = YES;
				CLANG_WARN_OBJC_ROOT_CLASS = YES_ERROR;
				CLANG_WARN__DUPLICATE_METHOD_MATCH = YES;
				"CODE_SIGN_IDENTITY[sdk=iphoneos*]" = "iPhone Developer";
				COPY_PHASE_STRIP = YES;
				ENABLE_NS_ASSERTIONS = NO;
				GCC_C_LANGUAGE_STANDARD = gnu99;
				GCC_WARN_64_TO_32_BIT_CONVERSION = YES;
				GCC_WARN_ABOUT_RETURN_TYPE = YES_ERROR;
				GCC_WARN_UNDECLARED_SELECTOR = YES;
				GCC_WARN_UNINITIALIZED_AUTOS = YES;
				GCC_WARN_UNUSED_FUNCTION = YES;
				GCC_WARN_UNUSED_VARIABLE = YES;
				IPHONEOS_DEPLOYMENT_TARGET = 7.0;
				SDKROOT = iphoneos;
				VALIDATE_PRODUCT = YES;
			};
			name = Release;
		};
		276E0D7018048D1A00C38F33 /* Debug */ = {
			isa = XCBuildConfiguration;
			buildSettings = {
				ASSETCATALOG_COMPILER_APPICON_NAME = AppIcon;
				ASSETCATALOG_COMPILER_LAUNCHIMAGE_NAME = LaunchImage;
				GCC_PRECOMPILE_PREFIX_HEADER = YES;
				GCC_PREFIX_HEADER = "AppleBugTest/AppleBugTest-Prefix.pch";
				INFOPLIST_FILE = "AppleBugTest/AppleBugTest-Info.plist";
				PRODUCT_NAME = "$(TARGET_NAME)";
				WRAPPER_EXTENSION = app;
			};
			name = Debug;
		};
		276E0D7118048D1A00C38F33 /* Release */ = {
			isa = XCBuildConfiguration;
			buildSettings = {
				ASSETCATALOG_COMPILER_APPICON_NAME = AppIcon;
				ASSETCATALOG_COMPILER_LAUNCHIMAGE_NAME = LaunchImage;
				GCC_PRECOMPILE_PREFIX_HEADER = YES;
				GCC_PREFIX_HEADER = "AppleBugTest/AppleBugTest-Prefix.pch";
				INFOPLIST_FILE = "AppleBugTest/AppleBugTest-Info.plist";
				PRODUCT_NAME = "$(TARGET_NAME)";
				WRAPPER_EXTENSION = app;
			};
			name = Release;
		};
		276E0D7318048D1A00C38F33 /* Debug */ = {
			isa = XCBuildConfiguration;
			buildSettings = {
				ARCHS = "$(ARCHS_STANDARD_INCLUDING_64_BIT)";
				BUNDLE_LOADER = "$(BUILT_PRODUCTS_DIR)/AppleBugTest.app/AppleBugTest";
				FRAMEWORK_SEARCH_PATHS = (
					"$(SDKROOT)/Developer/Library/Frameworks",
					"$(inherited)",
					"$(DEVELOPER_FRAMEWORKS_DIR)",
				);
				GCC_PRECOMPILE_PREFIX_HEADER = YES;
				GCC_PREFIX_HEADER = "AppleBugTest/AppleBugTest-Prefix.pch";
				GCC_PREPROCESSOR_DEFINITIONS = (
					"DEBUG=1",
					"$(inherited)",
				);
				INFOPLIST_FILE = "AppleBugTestTests/AppleBugTestTests-Info.plist";
				PRODUCT_NAME = "$(TARGET_NAME)";
				TEST_HOST = "$(BUNDLE_LOADER)";
				WRAPPER_EXTENSION = xctest;
			};
			name = Debug;
		};
		276E0D7418048D1A00C38F33 /* Release */ = {
			isa = XCBuildConfiguration;
			buildSettings = {
				ARCHS = "$(ARCHS_STANDARD_INCLUDING_64_BIT)";
				BUNDLE_LOADER = "$(BUILT_PRODUCTS_DIR)/AppleBugTest.app/AppleBugTest";
				FRAMEWORK_SEARCH_PATHS = (
					"$(SDKROOT)/Developer/Library/Frameworks",
					"$(inherited)",
					"$(DEVELOPER_FRAMEWORKS_DIR)",
				);
				GCC_PRECOMPILE_PREFIX_HEADER = YES;
				GCC_PREFIX_HEADER = "AppleBugTest/AppleBugTest-Prefix.pch";
				INFOPLIST_FILE = "AppleBugTestTests/AppleBugTestTests-Info.plist";
				PRODUCT_NAME = "$(TARGET_NAME)";
				TEST_HOST = "$(BUNDLE_LOADER)";
				WRAPPER_EXTENSION = xctest;
			};
			name = Release;
		};
/* End XCBuildConfiguration section */

/* Begin XCConfigurationList section */
		276E0D3818048D1A00C38F33 /* Build configuration list for PBXProject "AppleBugTest" */ = {
			isa = XCConfigurationList;
			buildConfigurations = (
				276E0D6D18048D1A00C38F33 /* Debug */,
				276E0D6E18048D1A00C38F33 /* Release */,
			);
			defaultConfigurationIsVisible = 0;
			defaultConfigurationName = Release;
		};
		276E0D6F18048D1A00C38F33 /* Build configuration list for PBXNativeTarget "AppleBugTest" */ = {
			isa = XCConfigurationList;
			buildConfigurations = (
				276E0D7018048D1A00C38F33 /* Debug */,
				276E0D7118048D1A00C38F33 /* Release */,
			);
			defaultConfigurationIsVisible = 0;
		};
		276E0D7218048D1A00C38F33 /* Build configuration list for PBXNativeTarget "AppleBugTestTests" */ = {
			isa = XCConfigurationList;
			buildConfigurations = (
				276E0D7318048D1A00C38F33 /* Debug */,
				276E0D7418048D1A00C38F33 /* Release */,
			);
			defaultConfigurationIsVisible = 0;
		};
/* End XCConfigurationList section */
	};
	rootObject = 276E0D3518048D1A00C38F33 /* Project object */;
}
